// !$*UTF8*$!
{
	archiveVersion = 1;
	classes = {
	};
	objectVersion = 46;
	objects = {

/* Begin PBXBuildFile section */
		14992FC71964FF30007C2A1A /* Foundation.framework in Frameworks */ = {isa = PBXBuildFile; fileRef = 14992FC61964FF30007C2A1A /* Foundation.framework */; };
		14992FC91964FF30007C2A1A /* CoreGraphics.framework in Frameworks */ = {isa = PBXBuildFile; fileRef = 14992FC81964FF30007C2A1A /* CoreGraphics.framework */; };
		14992FCB1964FF30007C2A1A /* UIKit.framework in Frameworks */ = {isa = PBXBuildFile; fileRef = 14992FCA1964FF30007C2A1A /* UIKit.framework */; };
		14992FD11964FF30007C2A1A /* InfoPlist.strings in Resources */ = {isa = PBXBuildFile; fileRef = 14992FCF1964FF30007C2A1A /* InfoPlist.strings */; };
		14992FD31964FF30007C2A1A /* main.m in Sources */ = {isa = PBXBuildFile; fileRef = 14992FD21964FF30007C2A1A /* main.m */; };
		14992FD71964FF30007C2A1A /* DropitAppDelegate.m in Sources */ = {isa = PBXBuildFile; fileRef = 14992FD61964FF30007C2A1A /* DropitAppDelegate.m */; };
		14992FDA1964FF30007C2A1A /* Main.storyboard in Resources */ = {isa = PBXBuildFile; fileRef = 14992FD81964FF30007C2A1A /* Main.storyboard */; };
		14992FDD1964FF30007C2A1A /* DropitViewController.m in Sources */ = {isa = PBXBuildFile; fileRef = 14992FDC1964FF30007C2A1A /* DropitViewController.m */; };
		14992FDF1964FF30007C2A1A /* Images.xcassets in Resources */ = {isa = PBXBuildFile; fileRef = 14992FDE1964FF30007C2A1A /* Images.xcassets */; };
		14992FE61964FF30007C2A1A /* XCTest.framework in Frameworks */ = {isa = PBXBuildFile; fileRef = 14992FE51964FF30007C2A1A /* XCTest.framework */; };
		14992FE71964FF30007C2A1A /* Foundation.framework in Frameworks */ = {isa = PBXBuildFile; fileRef = 14992FC61964FF30007C2A1A /* Foundation.framework */; };
		14992FE81964FF30007C2A1A /* UIKit.framework in Frameworks */ = {isa = PBXBuildFile; fileRef = 14992FCA1964FF30007C2A1A /* UIKit.framework */; };
		14992FF01964FF30007C2A1A /* InfoPlist.strings in Resources */ = {isa = PBXBuildFile; fileRef = 14992FEE1964FF30007C2A1A /* InfoPlist.strings */; };
		14992FF21964FF30007C2A1A /* DropitTests.m in Sources */ = {isa = PBXBuildFile; fileRef = 14992FF11964FF30007C2A1A /* DropitTests.m */; };
		1499300019655515007C2A1A /* DropitBehavior.m in Sources */ = {isa = PBXBuildFile; fileRef = 14992FFF19655515007C2A1A /* DropitBehavior.m */; };
/* End PBXBuildFile section */

/* Begin PBXContainerItemProxy section */
		14992FE91964FF30007C2A1A /* PBXContainerItemProxy */ = {
			isa = PBXContainerItemProxy;
			containerPortal = 14992FBB1964FF30007C2A1A /* Project object */;
			proxyType = 1;
			remoteGlobalIDString = 14992FC21964FF30007C2A1A;
			remoteInfo = Dropit;
		};
/* End PBXContainerItemProxy section */

/* Begin PBXFileReference section */
		14992FC31964FF30007C2A1A /* Dropit.app */ = {isa = PBXFileReference; explicitFileType = wrapper.application; includeInIndex = 0; path = Dropit.app; sourceTree = BUILT_PRODUCTS_DIR; };
		14992FC61964FF30007C2A1A /* Foundation.framework */ = {isa = PBXFileReference; lastKnownFileType = wrapper.framework; name = Foundation.framework; path = System/Library/Frameworks/Foundation.framework; sourceTree = SDKROOT; };
		14992FC81964FF30007C2A1A /* CoreGraphics.framework */ = {isa = PBXFileReference; lastKnownFileType = wrapper.framework; name = CoreGraphics.framework; path = System/Library/Frameworks/CoreGraphics.framework; sourceTree = SDKROOT; };
		14992FCA1964FF30007C2A1A /* UIKit.framework */ = {isa = PBXFileReference; lastKnownFileType = wrapper.framework; name = UIKit.framework; path = System/Library/Frameworks/UIKit.framework; sourceTree = SDKROOT; };
		14992FCE1964FF30007C2A1A /* Dropit-Info.plist */ = {isa = PBXFileReference; lastKnownFileType = text.plist.xml; path = "Dropit-Info.plist"; sourceTree = "<group>"; };
		14992FD01964FF30007C2A1A /* en */ = {isa = PBXFileReference; lastKnownFileType = text.plist.strings; name = en; path = en.lproj/InfoPlist.strings; sourceTree = "<group>"; };
		14992FD21964FF30007C2A1A /* main.m */ = {isa = PBXFileReference; lastKnownFileType = sourcecode.c.objc; path = main.m; sourceTree = "<group>"; };
		14992FD41964FF30007C2A1A /* Dropit-Prefix.pch */ = {isa = PBXFileReference; lastKnownFileType = sourcecode.c.h; path = "Dropit-Prefix.pch"; sourceTree = "<group>"; };
		14992FD51964FF30007C2A1A /* DropitAppDelegate.h */ = {isa = PBXFileReference; lastKnownFileType = sourcecode.c.h; path = DropitAppDelegate.h; sourceTree = "<group>"; };
		14992FD61964FF30007C2A1A /* DropitAppDelegate.m */ = {isa = PBXFileReference; lastKnownFileType = sourcecode.c.objc; path = DropitAppDelegate.m; sourceTree = "<group>"; };
		14992FD91964FF30007C2A1A /* Base */ = {isa = PBXFileReference; lastKnownFileType = file.storyboard; name = Base; path = Base.lproj/Main.storyboard; sourceTree = "<group>"; };
		14992FDB1964FF30007C2A1A /* DropitViewController.h */ = {isa = PBXFileReference; lastKnownFileType = sourcecode.c.h; path = DropitViewController.h; sourceTree = "<group>"; };
		14992FDC1964FF30007C2A1A /* DropitViewController.m */ = {isa = PBXFileReference; lastKnownFileType = sourcecode.c.objc; path = DropitViewController.m; sourceTree = "<group>"; };
		14992FDE1964FF30007C2A1A /* Images.xcassets */ = {isa = PBXFileReference; lastKnownFileType = folder.assetcatalog; path = Images.xcassets; sourceTree = "<group>"; };
		14992FE41964FF30007C2A1A /* DropitTests.xctest */ = {isa = PBXFileReference; explicitFileType = wrapper.cfbundle; includeInIndex = 0; path = DropitTests.xctest; sourceTree = BUILT_PRODUCTS_DIR; };
		14992FE51964FF30007C2A1A /* XCTest.framework */ = {isa = PBXFileReference; lastKnownFileType = wrapper.framework; name = XCTest.framework; path = Library/Frameworks/XCTest.framework; sourceTree = DEVELOPER_DIR; };
		14992FED1964FF30007C2A1A /* DropitTests-Info.plist */ = {isa = PBXFileReference; lastKnownFileType = text.plist.xml; path = "DropitTests-Info.plist"; sourceTree = "<group>"; };
		14992FEF1964FF30007C2A1A /* en */ = {isa = PBXFileReference; lastKnownFileType = text.plist.strings; name = en; path = en.lproj/InfoPlist.strings; sourceTree = "<group>"; };
		14992FF11964FF30007C2A1A /* DropitTests.m */ = {isa = PBXFileReference; lastKnownFileType = sourcecode.c.objc; path = DropitTests.m; sourceTree = "<group>"; };
		14992FFE19655515007C2A1A /* DropitBehavior.h */ = {isa = PBXFileReference; fileEncoding = 4; lastKnownFileType = sourcecode.c.h; path = DropitBehavior.h; sourceTree = "<group>"; };
		14992FFF19655515007C2A1A /* DropitBehavior.m */ = {isa = PBXFileReference; fileEncoding = 4; lastKnownFileType = sourcecode.c.objc; path = DropitBehavior.m; sourceTree = "<group>"; };
/* End PBXFileReference section */

/* Begin PBXFrameworksBuildPhase section */
		14992FC01964FF30007C2A1A /* Frameworks */ = {
			isa = PBXFrameworksBuildPhase;
			buildActionMask = 2147483647;
			files = (
				14992FC91964FF30007C2A1A /* CoreGraphics.framework in Frameworks */,
				14992FCB1964FF30007C2A1A /* UIKit.framework in Frameworks */,
				14992FC71964FF30007C2A1A /* Foundation.framework in Frameworks */,
			);
			runOnlyForDeploymentPostprocessing = 0;
		};
		14992FE11964FF30007C2A1A /* Frameworks */ = {
			isa = PBXFrameworksBuildPhase;
			buildActionMask = 2147483647;
			files = (
				14992FE61964FF30007C2A1A /* XCTest.framework in Frameworks */,
				14992FE81964FF30007C2A1A /* UIKit.framework in Frameworks */,
				14992FE71964FF30007C2A1A /* Foundation.framework in Frameworks */,
			);
			runOnlyForDeploymentPostprocessing = 0;
		};
/* End PBXFrameworksBuildPhase section */

/* Begin PBXGroup section */
		14992FBA1964FF30007C2A1A = {
			isa = PBXGroup;
			children = (
				14992FCC1964FF30007C2A1A /* Dropit */,
				14992FEB1964FF30007C2A1A /* DropitTests */,
				14992FC51964FF30007C2A1A /* Frameworks */,
				14992FC41964FF30007C2A1A /* Products */,
			);
			sourceTree = "<group>";
		};
		14992FC41964FF30007C2A1A /* Products */ = {
			isa = PBXGroup;
			children = (
				14992FC31964FF30007C2A1A /* Dropit.app */,
				14992FE41964FF30007C2A1A /* DropitTests.xctest */,
			);
			name = Products;
			sourceTree = "<group>";
		};
		14992FC51964FF30007C2A1A /* Frameworks */ = {
			isa = PBXGroup;
			children = (
				14992FC61964FF30007C2A1A /* Foundation.framework */,
				14992FC81964FF30007C2A1A /* CoreGraphics.framework */,
				14992FCA1964FF30007C2A1A /* UIKit.framework */,
				14992FE51964FF30007C2A1A /* XCTest.framework */,
			);
			name = Frameworks;
			sourceTree = "<group>";
		};
		14992FCC1964FF30007C2A1A /* Dropit */ = {
			isa = PBXGroup;
			children = (
				14992FD81964FF30007C2A1A /* Main.storyboard */,
				14992FDB1964FF30007C2A1A /* DropitViewController.h */,
				14992FDC1964FF30007C2A1A /* DropitViewController.m */,
				14992FFE19655515007C2A1A /* DropitBehavior.h */,
				14992FFF19655515007C2A1A /* DropitBehavior.m */,
				14992FDE1964FF30007C2A1A /* Images.xcassets */,
				14992FCD1964FF30007C2A1A /* Supporting Files */,
			);
			path = Dropit;
			sourceTree = "<group>";
		};
		14992FCD1964FF30007C2A1A /* Supporting Files */ = {
			isa = PBXGroup;
			children = (
				14992FD51964FF30007C2A1A /* DropitAppDelegate.h */,
				14992FD61964FF30007C2A1A /* DropitAppDelegate.m */,
				14992FCE1964FF30007C2A1A /* Dropit-Info.plist */,
				14992FCF1964FF30007C2A1A /* InfoPlist.strings */,
				14992FD21964FF30007C2A1A /* main.m */,
				14992FD41964FF30007C2A1A /* Dropit-Prefix.pch */,
			);
			name = "Supporting Files";
			sourceTree = "<group>";
		};
		14992FEB1964FF30007C2A1A /* DropitTests */ = {
			isa = PBXGroup;
			children = (
				14992FF11964FF30007C2A1A /* DropitTests.m */,
				14992FEC1964FF30007C2A1A /* Supporting Files */,
			);
			path = DropitTests;
			sourceTree = "<group>";
		};
		14992FEC1964FF30007C2A1A /* Supporting Files */ = {
			isa = PBXGroup;
			children = (
				14992FED1964FF30007C2A1A /* DropitTests-Info.plist */,
				14992FEE1964FF30007C2A1A /* InfoPlist.strings */,
			);
			name = "Supporting Files";
			sourceTree = "<group>";
		};
/* End PBXGroup section */

/* Begin PBXNativeTarget section */
		14992FC21964FF30007C2A1A /* Dropit */ = {
			isa = PBXNativeTarget;
			buildConfigurationList = 14992FF51964FF30007C2A1A /* Build configuration list for PBXNativeTarget "Dropit" */;
			buildPhases = (
				14992FBF1964FF30007C2A1A /* Sources */,
				14992FC01964FF30007C2A1A /* Frameworks */,
				14992FC11964FF30007C2A1A /* Resources */,
			);
			buildRules = (
			);
			dependencies = (
			);
			name = Dropit;
			productName = Dropit;
			productReference = 14992FC31964FF30007C2A1A /* Dropit.app */;
			productType = "com.apple.product-type.application";
		};
		14992FE31964FF30007C2A1A /* DropitTests */ = {
			isa = PBXNativeTarget;
			buildConfigurationList = 14992FF81964FF30007C2A1A /* Build configuration list for PBXNativeTarget "DropitTests" */;
			buildPhases = (
				14992FE01964FF30007C2A1A /* Sources */,
				14992FE11964FF30007C2A1A /* Frameworks */,
				14992FE21964FF30007C2A1A /* Resources */,
			);
			buildRules = (
			);
			dependencies = (
				14992FEA1964FF30007C2A1A /* PBXTargetDependency */,
			);
			name = DropitTests;
			productName = DropitTests;
			productReference = 14992FE41964FF30007C2A1A /* DropitTests.xctest */;
			productType = "com.apple.product-type.bundle.unit-test";
		};
/* End PBXNativeTarget section */

/* Begin PBXProject section */
		14992FBB1964FF30007C2A1A /* Project object */ = {
			isa = PBXProject;
			attributes = {
				CLASSPREFIX = Dropit;
				LastUpgradeCheck = 0510;
				ORGANIZATIONNAME = "___FULLUSERNAME___";
				TargetAttributes = {
					14992FE31964FF30007C2A1A = {
						TestTargetID = 14992FC21964FF30007C2A1A;
					};
				};
			};
			buildConfigurationList = 14992FBE1964FF30007C2A1A /* Build configuration list for PBXProject "Dropit" */;
			compatibilityVersion = "Xcode 3.2";
			developmentRegion = English;
			hasScannedForEncodings = 0;
			knownRegions = (
				en,
				Base,
			);
			mainGroup = 14992FBA1964FF30007C2A1A;
			productRefGroup = 14992FC41964FF30007C2A1A /* Products */;
			projectDirPath = "";
			projectRoot = "";
			targets = (
				14992FC21964FF30007C2A1A /* Dropit */,
				14992FE31964FF30007C2A1A /* DropitTests */,
			);
		};
/* End PBXProject section */

/* Begin PBXResourcesBuildPhase section */
		14992FC11964FF30007C2A1A /* Resources */ = {
			isa = PBXResourcesBuildPhase;
			buildActionMask = 2147483647;
			files = (
				14992FDF1964FF30007C2A1A /* Images.xcassets in Resources */,
				14992FD11964FF30007C2A1A /* InfoPlist.strings in Resources */,
				14992FDA1964FF30007C2A1A /* Main.storyboard in Resources */,
			);
			runOnlyForDeploymentPostprocessing = 0;
		};
		14992FE21964FF30007C2A1A /* Resources */ = {
			isa = PBXResourcesBuildPhase;
			buildActionMask = 2147483647;
			files = (
				14992FF01964FF30007C2A1A /* InfoPlist.strings in Resources */,
			);
			runOnlyForDeploymentPostprocessing = 0;
		};
/* End PBXResourcesBuildPhase section */

/* Begin PBXSourcesBuildPhase section */
		14992FBF1964FF30007C2A1A /* Sources */ = {
			isa = PBXSourcesBuildPhase;
			buildActionMask = 2147483647;
			files = (
				14992FDD1964FF30007C2A1A /* DropitViewController.m in Sources */,
				1499300019655515007C2A1A /* DropitBehavior.m in Sources */,
				14992FD71964FF30007C2A1A /* DropitAppDelegate.m in Sources */,
				14992FD31964FF30007C2A1A /* main.m in Sources */,
			);
			runOnlyForDeploymentPostprocessing = 0;
		};
		14992FE01964FF30007C2A1A /* Sources */ = {
			isa = PBXSourcesBuildPhase;
			buildActionMask = 2147483647;
			files = (
				14992FF21964FF30007C2A1A /* DropitTests.m in Sources */,
			);
			runOnlyForDeploymentPostprocessing = 0;
		};
/* End PBXSourcesBuildPhase section */

/* Begin PBXTargetDependency section */
		14992FEA1964FF30007C2A1A /* PBXTargetDependency */ = {
			isa = PBXTargetDependency;
			target = 14992FC21964FF30007C2A1A /* Dropit */;
			targetProxy = 14992FE91964FF30007C2A1A /* PBXContainerItemProxy */;
		};
/* End PBXTargetDependency section */

/* Begin PBXVariantGroup section */
		14992FCF1964FF30007C2A1A /* InfoPlist.strings */ = {
			isa = PBXVariantGroup;
			children = (
				14992FD01964FF30007C2A1A /* en */,
			);
			name = InfoPlist.strings;
			sourceTree = "<group>";
		};
		14992FD81964FF30007C2A1A /* Main.storyboard */ = {
			isa = PBXVariantGroup;
			children = (
				14992FD91964FF30007C2A1A /* Base */,
			);
			name = Main.storyboard;
			sourceTree = "<group>";
		};
		14992FEE1964FF30007C2A1A /* InfoPlist.strings */ = {
			isa = PBXVariantGroup;
			children = (
				14992FEF1964FF30007C2A1A /* en */,
			);
			name = InfoPlist.strings;
			sourceTree = "<group>";
		};
/* End PBXVariantGroup section */

/* Begin XCBuildConfiguration section */
		14992FF31964FF30007C2A1A /* Debug */ = {
			isa = XCBuildConfiguration;
			buildSettings = {
				ALWAYS_SEARCH_USER_PATHS = NO;
				CLANG_CXX_LANGUAGE_STANDARD = "gnu++0x";
				CLANG_CXX_LIBRARY = "libc++";
				CLANG_ENABLE_MODULES = YES;
				CLANG_ENABLE_OBJC_ARC = YES;
				CLANG_WARN_BOOL_CONVERSION = YES;
				CLANG_WARN_CONSTANT_CONVERSION = YES;
				CLANG_WARN_DIRECT_OBJC_ISA_USAGE = YES_ERROR;
				CLANG_WARN_EMPTY_BODY = YES;
				CLANG_WARN_ENUM_CONVERSION = YES;
				CLANG_WARN_INT_CONVERSION = YES;
				CLANG_WARN_OBJC_ROOT_CLASS = YES_ERROR;
				CLANG_WARN__DUPLICATE_METHOD_MATCH = YES;
				"CODE_SIGN_IDENTITY[sdk=iphoneos*]" = "iPhone Developer";
				COPY_PHASE_STRIP = NO;
				GCC_C_LANGUAGE_STANDARD = gnu99;
				GCC_DYNAMIC_NO_PIC = NO;
				GCC_OPTIMIZATION_LEVEL = 0;
				GCC_PREPROCESSOR_DEFINITIONS = (
					"DEBUG=1",
					"$(inherited)",
				);
				GCC_SYMBOLS_PRIVATE_EXTERN = NO;
				GCC_WARN_64_TO_32_BIT_CONVERSION = YES;
				GCC_WARN_ABOUT_RETURN_TYPE = YES_ERROR;
				GCC_WARN_UNDECLARED_SELECTOR = YES;
				GCC_WARN_UNINITIALIZED_AUTOS = YES_AGGRESSIVE;
				GCC_WARN_UNUSED_FUNCTION = YES;
				GCC_WARN_UNUSED_VARIABLE = YES;
				IPHONEOS_DEPLOYMENT_TARGET = 7.1;
				ONLY_ACTIVE_ARCH = YES;
				SDKROOT = iphoneos;
			};
			name = Debug;
		};
		14992FF41964FF30007C2A1A /* Release */ = {
			isa = XCBuildConfiguration;
			buildSettings = {
				ALWAYS_SEARCH_USER_PATHS = NO;
				CLANG_CXX_LANGUAGE_STANDARD = "gnu++0x";
				CLANG_CXX_LIBRARY = "libc++";
				CLANG_ENABLE_MODULES = YES;
				CLANG_ENABLE_OBJC_ARC = YES;
				CLANG_WARN_BOOL_CONVERSION = YES;
				CLANG_WARN_CONSTANT_CONVERSION = YES;
				CLANG_WARN_DIRECT_OBJC_ISA_USAGE = YES_ERROR;
				CLANG_WARN_EMPTY_BODY = YES;
				CLANG_WARN_ENUM_CONVERSION = YES;
				CLANG_WARN_INT_CONVERSION = YES;
				CLANG_WARN_OBJC_ROOT_CLASS = YES_ERROR;
				CLANG_WARN__DUPLICATE_METHOD_MATCH = YES;
				"CODE_SIGN_IDENTITY[sdk=iphoneos*]" = "iPhone Developer";
				COPY_PHASE_STRIP = YES;
				ENABLE_NS_ASSERTIONS = NO;
				GCC_C_LANGUAGE_STANDARD = gnu99;
				GCC_WARN_64_TO_32_BIT_CONVERSION = YES;
				GCC_WARN_ABOUT_RETURN_TYPE = YES_ERROR;
				GCC_WARN_UNDECLARED_SELECTOR = YES;
				GCC_WARN_UNINITIALIZED_AUTOS = YES_AGGRESSIVE;
				GCC_WARN_UNUSED_FUNCTION = YES;
				GCC_WARN_UNUSED_VARIABLE = YES;
				IPHONEOS_DEPLOYMENT_TARGET = 7.1;
				SDKROOT = iphoneos;
				VALIDATE_PRODUCT = YES;
			};
			name = Release;
		};
		14992FF61964FF30007C2A1A /* Debug */ = {
			isa = XCBuildConfiguration;
			buildSettings = {
				ASSETCATALOG_COMPILER_APPICON_NAME = AppIcon;
				ASSETCATALOG_COMPILER_LAUNCHIMAGE_NAME = LaunchImage;
				GCC_PRECOMPILE_PREFIX_HEADER = YES;
				GCC_PREFIX_HEADER = "Dropit/Dropit-Prefix.pch";
				INFOPLIST_FILE = "Dropit/Dropit-Info.plist";
				PRODUCT_NAME = "$(TARGET_NAME)";
				WRAPPER_EXTENSION = app;
			};
			name = Debug;
		};
		14992FF71964FF30007C2A1A /* Release */ = {
			isa = XCBuildConfiguration;
			buildSettings = {
				ASSETCATALOG_COMPILER_APPICON_NAME = AppIcon;
				ASSETCATALOG_COMPILER_LAUNCHIMAGE_NAME = LaunchImage;
				GCC_PRECOMPILE_PREFIX_HEADER = YES;
				GCC_PREFIX_HEADER = "Dropit/Dropit-Prefix.pch";
				INFOPLIST_FILE = "Dropit/Dropit-Info.plist";
				PRODUCT_NAME = "$(TARGET_NAME)";
				WRAPPER_EXTENSION = app;
			};
			name = Release;
		};
		14992FF91964FF30007C2A1A /* Debug */ = {
			isa = XCBuildConfiguration;
			buildSettings = {
				BUNDLE_LOADER = "$(BUILT_PRODUCTS_DIR)/Dropit.app/Dropit";
				FRAMEWORK_SEARCH_PATHS = (
					"$(SDKROOT)/Developer/Library/Frameworks",
					"$(inherited)",
					"$(DEVELOPER_FRAMEWORKS_DIR)",
				);
				GCC_PRECOMPILE_PREFIX_HEADER = YES;
				GCC_PREFIX_HEADER = "Dropit/Dropit-Prefix.pch";
				GCC_PREPROCESSOR_DEFINITIONS = (
					"DEBUG=1",
					"$(inherited)",
				);
				INFOPLIST_FILE = "DropitTests/DropitTests-Info.plist";
				PRODUCT_NAME = "$(TARGET_NAME)";
				TEST_HOST = "$(BUNDLE_LOADER)";
				WRAPPER_EXTENSION = xctest;
			};
			name = Debug;
		};
		14992FFA1964FF30007C2A1A /* Release */ = {
			isa = XCBuildConfiguration;
			buildSettings = {
				BUNDLE_LOADER = "$(BUILT_PRODUCTS_DIR)/Dropit.app/Dropit";
				FRAMEWORK_SEARCH_PATHS = (
					"$(SDKROOT)/Developer/Library/Frameworks",
					"$(inherited)",
					"$(DEVELOPER_FRAMEWORKS_DIR)",
				);
				GCC_PRECOMPILE_PREFIX_HEADER = YES;
				GCC_PREFIX_HEADER = "Dropit/Dropit-Prefix.pch";
				INFOPLIST_FILE = "DropitTests/DropitTests-Info.plist";
				PRODUCT_NAME = "$(TARGET_NAME)";
				TEST_HOST = "$(BUNDLE_LOADER)";
				WRAPPER_EXTENSION = xctest;
			};
			name = Release;
		};
/* End XCBuildConfiguration section */

/* Begin XCConfigurationList section */
		14992FBE1964FF30007C2A1A /* Build configuration list for PBXProject "Dropit" */ = {
			isa = XCConfigurationList;
			buildConfigurations = (
				14992FF31964FF30007C2A1A /* Debug */,
				14992FF41964FF30007C2A1A /* Release */,
			);
			defaultConfigurationIsVisible = 0;
			defaultConfigurationName = Release;
		};
		14992FF51964FF30007C2A1A /* Build configuration list for PBXNativeTarget "Dropit" */ = {
			isa = XCConfigurationList;
			buildConfigurations = (
				14992FF61964FF30007C2A1A /* Debug */,
				14992FF71964FF30007C2A1A /* Release */,
			);
			defaultConfigurationIsVisible = 0;
			defaultConfigurationName = Release;
		};
		14992FF81964FF30007C2A1A /* Build configuration list for PBXNativeTarget "DropitTests" */ = {
			isa = XCConfigurationList;
			buildConfigurations = (
				14992FF91964FF30007C2A1A /* Debug */,
				14992FFA1964FF30007C2A1A /* Release */,
			);
			defaultConfigurationIsVisible = 0;
			defaultConfigurationName = Release;
		};
/* End XCConfigurationList section */
	};
	rootObject = 14992FBB1964FF30007C2A1A /* Project object */;
}
